
Microsoft Visual Studio Solution File, Format Version 11.00
# Visual Studio 2010
Project("{F184B08F-C81C-45F6-A57F-5ABD9991F28F}") = "PassBandara", "PassBandara\PassBandara.vbproj", "{6C15493A-3BCB-4943-AAED-D6B7D4539527}"
EndProject
Project("{F184B08F-C81C-45F6-A57F-5ABD9991F28F}") = "MasterModule", "..\MasterApplicationModule\MasterModule.vbproj", "{414FB9C3-023A-4787-84BA-45C32516872E}"
EndProject
Project("{F184B08F-C81C-45F6-A57F-5ABD9991F28F}") = "TransaksiModule", "..\MasterTransaksi\TransaksiModule.vbproj", "{BA53C759-1997-4C33-B367-814269DDF6B6}"
EndProject
Project("{2150E333-8FDC-42A3-9474-1A3956D46DE8}") = "Module", "Module", "{FB1D08F9-CFB4-47AC-97A8-8F9287C3F0E8}"
EndProject
Project("{F184B08F-C81C-45F6-A57F-5ABD9991F28F}") = "SwdevIUICore", "..\..\..\..\..\framework\SwdevIUI\SwdevIUICore\SwdevIUICore.vbproj", "{7F39A7FF-D86F-499A-AB5B-0197B518C5BE}"
EndProject
Project("{2150E333-8FDC-42A3-9474-1A3956D46DE8}") = "Framework", "Framework", "{7B85D555-3A93-4003-8F9D-914B2F72787F}"
EndProject
Project("{F184B08F-C81C-45F6-A57F-5ABD9991F28F}") = "SwdevIUIDatabase", "..\..\..\..\..\framework\SwdevIUI\SwdevIUIDatabase\SwdevIUIDatabase.vbproj", "{C2D6FC8A-72B4-43F7-8F9B-C6CBEA60914D}"
EndProject
Project("{F184B08F-C81C-45F6-A57F-5ABD9991F28F}") = "SwdevEufrat", "..\..\..\..\..\framework\SwdevIUI\SwdevEufrat\SwdevEufrat.vbproj", "{80CBE8AE-9EBE-40A4-8333-16645D1F2C05}"
EndProject
Project("{2150E333-8FDC-42A3-9474-1A3956D46DE8}") = "Application", "Application", "{3D31F4BD-0D8E-40B3-965E-E5962356381E}"
EndProject
Project("{F184B08F-C81C-45F6-A57F-5ABD9991F28F}") = "AntrianForUser", "..\AntrianForUser\AntrianForUser.vbproj", "{068B6AF7-331D-42BD-B96E-BFA24D9177A4}"
EndProject
Project("{F184B08F-C81C-45F6-A57F-5ABD9991F28F}") = "AntrianForDisplay_1600x1200", "..\AntrianForDisplay_1600x1200\AntrianForDisplay_1600x1200.vbproj", "{3379E48B-E1BF-4536-A532-8B69D6F69ACC}"
EndProject
Project("{F184B08F-C81C-45F6-A57F-5ABD9991F28F}") = "AntrianForDisplay_1980x1080", "..\AntrianForDisplay_1980x1080\AntrianForDisplay_1980x1080.vbproj", "{74244990-B46F-446B-BF97-F9F56FFBE7BB}"
EndProject
Project("{F184B08F-C81C-45F6-A57F-5ABD9991F28F}") = "FlowPersetujuan", "..\FlowPersetujuan\FlowPersetujuan.vbproj", "{52ABF49D-07E6-48ED-94DE-41E94C80209F}"
EndProject
Project("{F184B08F-C81C-45F6-A57F-5ABD9991F28F}") = "MigrasiData", "..\MigrasiData\MigrasiData.vbproj", "{C2B109EC-0643-4494-983C-200F61198A65}"
EndProject
Global
	GlobalSection(SolutionConfigurationPlatforms) = preSolution
		Debug|Any CPU = Debug|Any CPU
		Debug|Mixed Platforms = Debug|Mixed Platforms
		Debug|x86 = Debug|x86
		Release|Any CPU = Release|Any CPU
		Release|Mixed Platforms = Release|Mixed Platforms
		Release|x86 = Release|x86
	EndGlobalSection
	GlobalSection(ProjectConfigurationPlatforms) = postSolution
		{6C15493A-3BCB-4943-AAED-D6B7D4539527}.Debug|Any CPU.ActiveCfg = Debug|Any CPU
		{6C15493A-3BCB-4943-AAED-D6B7D4539527}.Debug|Any CPU.Build.0 = Debug|Any CPU
		{6C15493A-3BCB-4943-AAED-D6B7D4539527}.Debug|Mixed Platforms.ActiveCfg = Debug|Any CPU
		{6C15493A-3BCB-4943-AAED-D6B7D4539527}.Debug|Mixed Platforms.Build.0 = Debug|Any CPU
		{6C15493A-3BCB-4943-AAED-D6B7D4539527}.Debug|x86.ActiveCfg = Debug|Any CPU
		{6C15493A-3BCB-4943-AAED-D6B7D4539527}.Release|Any CPU.ActiveCfg = Release|Any CPU
		{6C15493A-3BCB-4943-AAED-D6B7D4539527}.Release|Any CPU.Build.0 = Release|Any CPU
		{6C15493A-3BCB-4943-AAED-D6B7D4539527}.Release|Mixed Platforms.ActiveCfg = Release|Any CPU
		{6C15493A-3BCB-4943-AAED-D6B7D4539527}.Release|Mixed Platforms.Build.0 = Release|Any CPU
		{6C15493A-3BCB-4943-AAED-D6B7D4539527}.Release|x86.ActiveCfg = Release|Any CPU
		{414FB9C3-023A-4787-84BA-45C32516872E}.Debug|Any CPU.ActiveCfg = Debug|Any CPU
		{414FB9C3-023A-4787-84BA-45C32516872E}.Debug|Any CPU.Build.0 = Debug|Any CPU
		{414FB9C3-023A-4787-84BA-45C32516872E}.Debug|Mixed Platforms.ActiveCfg = Debug|Any CPU
		{414FB9C3-023A-4787-84BA-45C32516872E}.Debug|Mixed Platforms.Build.0 = Debug|Any CPU
		{414FB9C3-023A-4787-84BA-45C32516872E}.Debug|x86.ActiveCfg = Debug|Any CPU
		{414FB9C3-023A-4787-84BA-45C32516872E}.Release|Any CPU.ActiveCfg = Release|Any CPU
		{414FB9C3-023A-4787-84BA-45C32516872E}.Release|Any CPU.Build.0 = Release|Any CPU
		{414FB9C3-023A-4787-84BA-45C32516872E}.Release|Mixed Platforms.ActiveCfg = Release|Any CPU
		{414FB9C3-023A-4787-84BA-45C32516872E}.Release|Mixed Platforms.Build.0 = Release|Any CPU
		{414FB9C3-023A-4787-84BA-45C32516872E}.Release|x86.ActiveCfg = Release|Any CPU
		{BA53C759-1997-4C33-B367-814269DDF6B6}.Debug|Any CPU.ActiveCfg = Debug|Any CPU
		{BA53C759-1997-4C33-B367-814269DDF6B6}.Debug|Any CPU.Build.0 = Debug|Any CPU
		{BA53C759-1997-4C33-B367-814269DDF6B6}.Debug|Mixed Platforms.ActiveCfg = Debug|Any CPU
		{BA53C759-1997-4C33-B367-814269DDF6B6}.Debug|Mixed Platforms.Build.0 = Debug|Any CPU
		{BA53C759-1997-4C33-B367-814269DDF6B6}.Debug|x86.ActiveCfg = Debug|Any CPU
		{BA53C759-1997-4C33-B367-814269DDF6B6}.Release|Any CPU.ActiveCfg = Release|Any CPU
		{BA53C759-1997-4C33-B367-814269DDF6B6}.Release|Any CPU.Build.0 = Release|Any CPU
		{BA53C759-1997-4C33-B367-814269DDF6B6}.Release|Mixed Platforms.ActiveCfg = Release|Any CPU
		{BA53C759-1997-4C33-B367-814269DDF6B6}.Release|Mixed Platforms.Build.0 = Release|Any CPU
		{BA53C759-1997-4C33-B367-814269DDF6B6}.Release|x86.ActiveCfg = Release|Any CPU
		{7F39A7FF-D86F-499A-AB5B-0197B518C5BE}.Debug|Any CPU.ActiveCfg = Debug|Any CPU
		{7F39A7FF-D86F-499A-AB5B-0197B518C5BE}.Debug|Any CPU.Build.0 = Debug|Any CPU
		{7F39A7FF-D86F-499A-AB5B-0197B518C5BE}.Debug|Mixed Platforms.ActiveCfg = Debug|Any CPU
		{7F39A7FF-D86F-499A-AB5B-0197B518C5BE}.Debug|Mixed Platforms.Build.0 = Debug|Any CPU
		{7F39A7FF-D86F-499A-AB5B-0197B518C5BE}.Debug|x86.ActiveCfg = Debug|Any CPU
		{7F39A7FF-D86F-499A-AB5B-0197B518C5BE}.Release|Any CPU.ActiveCfg = Release|Any CPU
		{7F39A7FF-D86F-499A-AB5B-0197B518C5BE}.Release|Any CPU.Build.0 = Release|Any CPU
		{7F39A7FF-D86F-499A-AB5B-0197B518C5BE}.Release|Mixed Platforms.ActiveCfg = Release|Any CPU
		{7F39A7FF-D86F-499A-AB5B-0197B518C5BE}.Release|Mixed Platforms.Build.0 = Release|Any CPU
		{7F39A7FF-D86F-499A-AB5B-0197B518C5BE}.Release|x86.ActiveCfg = Release|Any CPU
		{C2D6FC8A-72B4-43F7-8F9B-C6CBEA60914D}.Debug|Any CPU.ActiveCfg = Debug|Any CPU
		{C2D6FC8A-72B4-43F7-8F9B-C6CBEA60914D}.Debug|Any CPU.Build.0 = Debug|Any CPU
		{C2D6FC8A-72B4-43F7-8F9B-C6CBEA60914D}.Debug|Mixed Platforms.ActiveCfg = Debug|Any CPU
		{C2D6FC8A-72B4-43F7-8F9B-C6CBEA60914D}.Debug|Mixed Platforms.Build.0 = Debug|Any CPU
		{C2D6FC8A-72B4-43F7-8F9B-C6CBEA60914D}.Debug|x86.ActiveCfg = Debug|Any CPU
		{C2D6FC8A-72B4-43F7-8F9B-C6CBEA60914D}.Release|Any CPU.ActiveCfg = Release|Any CPU
		{C2D6FC8A-72B4-43F7-8F9B-C6CBEA60914D}.Release|Any CPU.Build.0 = Release|Any CPU
		{C2D6FC8A-72B4-43F7-8F9B-C6CBEA60914D}.Release|Mixed Platforms.ActiveCfg = Release|Any CPU
		{C2D6FC8A-72B4-43F7-8F9B-C6CBEA60914D}.Release|Mixed Platforms.Build.0 = Release|Any CPU
		{C2D6FC8A-72B4-43F7-8F9B-C6CBEA60914D}.Release|x86.ActiveCfg = Release|Any CPU
		{80CBE8AE-9EBE-40A4-8333-16645D1F2C05}.Debug|Any CPU.ActiveCfg = Debug|Any CPU
		{80CBE8AE-9EBE-40A4-8333-16645D1F2C05}.Debug|Any CPU.Build.0 = Debug|Any CPU
		{80CBE8AE-9EBE-40A4-8333-16645D1F2C05}.Debug|Mixed Platforms.ActiveCfg = Debug|Any CPU
		{80CBE8AE-9EBE-40A4-8333-16645D1F2C05}.Debug|Mixed Platforms.Build.0 = Debug|Any CPU
		{80CBE8AE-9EBE-40A4-8333-16645D1F2C05}.Debug|x86.ActiveCfg = Debug|Any CPU
		{80CBE8AE-9EBE-40A4-8333-16645D1F2C05}.Release|Any CPU.ActiveCfg = Release|Any CPU
		{80CBE8AE-9EBE-40A4-8333-16645D1F2C05}.Release|Any CPU.Build.0 = Release|Any CPU
		{80CBE8AE-9EBE-40A4-8333-16645D1F2C05}.Release|Mixed Platforms.ActiveCfg = Release|Any CPU
		{80CBE8AE-9EBE-40A4-8333-16645D1F2C05}.Release|Mixed Platforms.Build.0 = Release|Any CPU
		{80CBE8AE-9EBE-40A4-8333-16645D1F2C05}.Release|x86.ActiveCfg = Release|Any CPU
		{068B6AF7-331D-42BD-B96E-BFA24D9177A4}.Debug|Any CPU.ActiveCfg = Debug|Any CPU
		{068B6AF7-331D-42BD-B96E-BFA24D9177A4}.Debug|Any CPU.Build.0 = Debug|Any CPU
		{068B6AF7-331D-42BD-B96E-BFA24D9177A4}.Debug|Mixed Platforms.ActiveCfg = Debug|Any CPU
		{068B6AF7-331D-42BD-B96E-BFA24D9177A4}.Debug|Mixed Platforms.Build.0 = Debug|Any CPU
		{068B6AF7-331D-42BD-B96E-BFA24D9177A4}.Debug|x86.ActiveCfg = Debug|Any CPU
		{068B6AF7-331D-42BD-B96E-BFA24D9177A4}.Release|Any CPU.ActiveCfg = Release|Any CPU
		{068B6AF7-331D-42BD-B96E-BFA24D9177A4}.Release|Any CPU.Build.0 = Release|Any CPU
		{068B6AF7-331D-42BD-B96E-BFA24D9177A4}.Release|Mixed Platforms.ActiveCfg = Release|Any CPU
		{068B6AF7-331D-42BD-B96E-BFA24D9177A4}.Release|Mixed Platforms.Build.0 = Release|Any CPU
		{068B6AF7-331D-42BD-B96E-BFA24D9177A4}.Release|x86.ActiveCfg = Release|Any CPU
		{3379E48B-E1BF-4536-A532-8B69D6F69ACC}.Debug|Any CPU.ActiveCfg = Debug|Any CPU
		{3379E48B-E1BF-4536-A532-8B69D6F69ACC}.Debug|Any CPU.Build.0 = Debug|Any CPU
		{3379E48B-E1BF-4536-A532-8B69D6F69ACC}.Debug|Mixed Platforms.ActiveCfg = Debug|Any CPU
		{3379E48B-E1BF-4536-A532-8B69D6F69ACC}.Debug|Mixed Platforms.Build.0 = Debug|Any CPU
		{3379E48B-E1BF-4536-A532-8B69D6F69ACC}.Debug|x86.ActiveCfg = Debug|Any CPU
		{3379E48B-E1BF-4536-A532-8B69D6F69ACC}.Release|Any CPU.ActiveCfg = Release|Any CPU
		{3379E48B-E1BF-4536-A532-8B69D6F69ACC}.Release|Any CPU.Build.0 = Release|Any CPU
		{3379E48B-E1BF-4536-A532-8B69D6F69ACC}.Release|Mixed Platforms.ActiveCfg = Release|Any CPU
		{3379E48B-E1BF-4536-A532-8B69D6F69ACC}.Release|Mixed Platforms.Build.0 = Release|Any CPU
		{3379E48B-E1BF-4536-A532-8B69D6F69ACC}.Release|x86.ActiveCfg = Release|Any CPU
		{74244990-B46F-446B-BF97-F9F56FFBE7BB}.Debug|Any CPU.ActiveCfg = Debug|Any CPU
		{74244990-B46F-446B-BF97-F9F56FFBE7BB}.Debug|Any CPU.Build.0 = Debug|Any CPU
		{74244990-B46F-446B-BF97-F9F56FFBE7BB}.Debug|Mixed Platforms.ActiveCfg = Debug|Any CPU
		{74244990-B46F-446B-BF97-F9F56FFBE7BB}.Debug|Mixed Platforms.Build.0 = Debug|Any CPU
		{74244990-B46F-446B-BF97-F9F56FFBE7BB}.Debug|x86.ActiveCfg = Debug|Any CPU
		{74244990-B46F-446B-BF97-F9F56FFBE7BB}.Release|Any CPU.ActiveCfg = Release|Any CPU
		{74244990-B46F-446B-BF97-F9F56FFBE7BB}.Release|Any CPU.Build.0 = Release|Any CPU
		{74244990-B46F-446B-BF97-F9F56FFBE7BB}.Release|Mixed Platforms.ActiveCfg = Release|Any CPU
		{74244990-B46F-446B-BF97-F9F56FFBE7BB}.Release|Mixed Platforms.Build.0 = Release|Any CPU
		{74244990-B46F-446B-BF97-F9F56FFBE7BB}.Release|x86.ActiveCfg = Release|Any CPU
		{52ABF49D-07E6-48ED-94DE-41E94C80209F}.Debug|Any CPU.ActiveCfg = Debug|Any CPU
		{52ABF49D-07E6-48ED-94DE-41E94C80209F}.Debug|Any CPU.Build.0 = Debug|Any CPU
		{52ABF49D-07E6-48ED-94DE-41E94C80209F}.Debug|Mixed Platforms.ActiveCfg = Debug|Any CPU
		{52ABF49D-07E6-48ED-94DE-41E94C80209F}.Debug|Mixed Platforms.Build.0 = Debug|Any CPU
		{52ABF49D-07E6-48ED-94DE-41E94C80209F}.Debug|x86.ActiveCfg = Debug|Any CPU
		{52ABF49D-07E6-48ED-94DE-41E94C80209F}.Release|Any CPU.ActiveCfg = Release|Any CPU
		{52ABF49D-07E6-48ED-94DE-41E94C80209F}.Release|Any CPU.Build.0 = Release|Any CPU
		{52ABF49D-07E6-48ED-94DE-41E94C80209F}.Release|Mixed Platforms.ActiveCfg = Release|Any CPU
		{52ABF49D-07E6-48ED-94DE-41E94C80209F}.Release|Mixed Platforms.Build.0 = Release|Any CPU
		{52ABF49D-07E6-48ED-94DE-41E94C80209F}.Release|x86.ActiveCfg = Release|Any CPU
		{C2B109EC-0643-4494-983C-200F61198A65}.Debug|Any CPU.ActiveCfg = Debug|Any CPU
		{C2B109EC-0643-4494-983C-200F61198A65}.Debug|Any CPU.Build.0 = Debug|Any CPU
		{C2B109EC-0643-4494-983C-200F61198A65}.Debug|Mixed Platforms.ActiveCfg = Debug|Any CPU
		{C2B109EC-0643-4494-983C-200F61198A65}.Debug|Mixed Platforms.Build.0 = Debug|Any CPU
		{C2B109EC-0643-4494-983C-200F61198A65}.Debug|x86.ActiveCfg = Debug|Any CPU
		{C2B109EC-0643-4494-983C-200F61198A65}.Release|Any CPU.ActiveCfg = Release|Any CPU
		{C2B109EC-0643-4494-983C-200F61198A65}.Release|Any CPU.Build.0 = Release|Any CPU
		{C2B109EC-0643-4494-983C-200F61198A65}.Release|Mixed Platforms.ActiveCfg = Release|Any CPU
		{C2B109EC-0643-4494-983C-200F61198A65}.Release|Mixed Platforms.Build.0 = Release|Any CPU
		{C2B109EC-0643-4494-983C-200F61198A65}.Release|x86.ActiveCfg = Release|Any CPU
	EndGlobalSection
	GlobalSection(SolutionProperties) = preSolution
		HideSolutionNode = FALSE
	EndGlobalSection
	GlobalSection(NestedProjects) = preSolution
		{6C15493A-3BCB-4943-AAED-D6B7D4539527} = {3D31F4BD-0D8E-40B3-965E-E5962356381E}
		{068B6AF7-331D-42BD-B96E-BFA24D9177A4} = {3D31F4BD-0D8E-40B3-965E-E5962356381E}
		{3379E48B-E1BF-4536-A532-8B69D6F69ACC} = {3D31F4BD-0D8E-40B3-965E-E5962356381E}
		{74244990-B46F-446B-BF97-F9F56FFBE7BB} = {3D31F4BD-0D8E-40B3-965E-E5962356381E}
		{52ABF49D-07E6-48ED-94DE-41E94C80209F} = {3D31F4BD-0D8E-40B3-965E-E5962356381E}
		{C2B109EC-0643-4494-983C-200F61198A65} = {3D31F4BD-0D8E-40B3-965E-E5962356381E}
		{BA53C759-1997-4C33-B367-814269DDF6B6} = {FB1D08F9-CFB4-47AC-97A8-8F9287C3F0E8}
		{414FB9C3-023A-4787-84BA-45C32516872E} = {FB1D08F9-CFB4-47AC-97A8-8F9287C3F0E8}
		{7F39A7FF-D86F-499A-AB5B-0197B518C5BE} = {7B85D555-3A93-4003-8F9D-914B2F72787F}
		{C2D6FC8A-72B4-43F7-8F9B-C6CBEA60914D} = {7B85D555-3A93-4003-8F9D-914B2F72787F}
		{80CBE8AE-9EBE-40A4-8333-16645D1F2C05} = {7B85D555-3A93-4003-8F9D-914B2F72787F}
	EndGlobalSection
EndGlobal
